
Microsoft Visual Studio Solution File, Format Version 12.00
# Visual Studio 15
Project("{FAE04EC0-301F-11D3-BF4B-00C04F79EFBC}") = "Chat", "Chat\Chat.csproj", "{BC2278A3-5189-4451-BBA6-D57FF5548FFB}"
EndProject
Project("{FAE04EC0-301F-11D3-BF4B-00C04F79EFBC}") = "ChatTest", "ChatTest\ChatTest.csproj", "{1C6F6C1C-5699-4BA1-BA03-6FEE22FD2D7B}"
EndProject
Global
	GlobalSection(SolutionConfigurationPlatforms) = preSolution
		Debug|Any CPU = Debug|Any CPU
		Release|Any CPU = Release|Any CPU
	EndGlobalSection
	GlobalSection(ProjectConfigurationPlatforms) = postSolution
		{BC2278A3-5189-4451-BBA6-D57FF5548FFB}.Debug|Any CPU.ActiveCfg = Debug|Any CPU
		{BC2278A3-5189-4451-BBA6-D57FF5548FFB}.Debug|Any CPU.Build.0 = Debug|Any CPU
		{BC2278A3-5189-4451-BBA6-D57FF5548FFB}.Release|Any CPU.ActiveCfg = Release|Any CPU
		{BC2278A3-5189-4451-BBA6-D57FF5548FFB}.Release|Any CPU.Build.0 = Release|Any CPU
		{1C6F6C1C-5699-4BA1-BA03-6FEE22FD2D7B}.Debug|Any CPU.ActiveCfg = Debug|Any CPU
		{1C6F6C1C-5699-4BA1-BA03-6FEE22FD2D7B}.Debug|Any CPU.Build.0 = Debug|Any CPU
		{1C6F6C1C-5699-4BA1-BA03-6FEE22FD2D7B}.Release|Any CPU.ActiveCfg = Release|Any CPU
		{1C6F6C1C-5699-4BA1-BA03-6FEE22FD2D7B}.Release|Any CPU.Build.0 = Release|Any CPU
	EndGlobalSection
EndGlobal
